{
  "name": "better-sublists",
  "version": "1.0.0",
  "lockfileVersion": 2,
  "requires": true,
  "packages": {
    "": {
      "name": "better-sublists",
      "version": "1.0.0",
      "license": "ISC",
      "dependencies": {
        "@hitc/netsuite-types": "^2021.1.12"
      }
    },
    "node_modules/@hitc/netsuite-types": {
      "version": "2021.1.12",
      "resolved": "https://registry.npmjs.org/@hitc/netsuite-types/-/netsuite-types-2021.1.12.tgz",
      "integrity": "sha512-loQ9Y9SgJV5DRXux83jl62IIEt1dIwmuRrDICdHM51TYQNdxuWsdsDPLnWnxrTG0IGfgwpeBCFJe9NPXosMXAg=="
    }
  },
  "dependencies": {
    "@hitc/netsuite-types": {
      "version": "2021.1.12",
      "resolved": "https://registry.npmjs.org/@hitc/netsuite-types/-/netsuite-types-2021.1.12.tgz",
      "integrity": "sha512-loQ9Y9SgJV5DRXux83jl62IIEt1dIwmuRrDICdHM51TYQNdxuWsdsDPLnWnxrTG0IGfgwpeBCFJe9NPXosMXAg=="
    }
  }
}
